
Microsoft Visual Studio Solution File, Format Version 12.00
# Visual Studio Version 17
VisualStudioVersion = 17.7.34024.191
MinimumVisualStudioVersion = 10.0.40219.1
Project("{FAE04EC0-301F-11D3-BF4B-00C04F79EFBC}") = "InnoGotchi", "InnoGotchi.csproj", "{59F84E11-B701-410B-B0B9-C9F8677B9B5A}"
EndProject
Global
	GlobalSection(SolutionConfigurationPlatforms) = preSolution
		Debug|Any CPU = Debug|Any CPU
		Release|Any CPU = Release|Any CPU
	EndGlobalSection
	GlobalSection(ProjectConfigurationPlatforms) = postSolution
		{59F84E11-B701-410B-B0B9-C9F8677B9B5A}.Debug|Any CPU.ActiveCfg = Debug|Any CPU
		{59F84E11-B701-410B-B0B9-C9F8677B9B5A}.Debug|Any CPU.Build.0 = Debug|Any CPU
		{59F84E11-B701-410B-B0B9-C9F8677B9B5A}.Release|Any CPU.ActiveCfg = Release|Any CPU
		{59F84E11-B701-410B-B0B9-C9F8677B9B5A}.Release|Any CPU.Build.0 = Release|Any CPU
	EndGlobalSection
	GlobalSection(SolutionProperties) = preSolution
		HideSolutionNode = FALSE
	EndGlobalSection
	GlobalSection(ExtensibilityGlobals) = postSolution
		SolutionGuid = {A0F9B808-2DFA-46C2-9643-3AE1B35E4966}
	EndGlobalSection
EndGlobal
